<?xml version="1.0" encoding="utf-8"?>
<Project ToolsVersion="4.0" xmlns="http://schemas.microsoft.com/developer/msbuild/2003">
  <ItemGroup>
    <Filter Include="include">
      <UniqueIdentifier>{93995380-89BD-4b04-88EB-625FBE52EBFB}</UniqueIdentifier>
      <Extensions>h;hpp;hxx;hm;inl;inc;xsd</Extensions>
    </Filter>
    <Filter Include="inl">
      <UniqueIdentifier>{67DA6AB6-F800-4c08-8B7A-83BB121AAD01}</UniqueIdentifier>
      <Extensions>rc;ico;cur;bmp;dlg;rc2;rct;bin;rgs;gif;jpg;jpeg;jpe;resx;tiff;tif;png;wav;mfcribbon-ms</Extensions>
    </Filter>
    <Filter Include="c">
      <UniqueIdentifier>{4FC737F1-C7A5-4376-A066-2A32D752A2FF}</UniqueIdentifier>
      <Extensions>cpp;c;cc;cxx;def;odl;idl;hpj;bat;asm;asmx</Extensions>
    </Filter>
    <Filter Include="test">
      <UniqueIdentifier>{fde1763d-a8f8-4ba1-936e-b426c115fea6}</UniqueIdentifier>
    </Filter>
    <Filter Include="c\posix">
      <UniqueIdentifier>{226ad2a8-c176-49a1-bc98-aeaa92462c83}</UniqueIdentifier>
    </Filter>
    <Filter Include="c\support">
      <UniqueIdentifier>{f48e9082-394b-4727-bec8-430350567145}</UniqueIdentifier>
    </Filter>
  </ItemGroup>
  <ItemGroup>
    <None Include="ReadMe.txt" />
    <None Include="mutex.inl">
      <Filter>inl</Filter>
    </None>
    <None Include="misc.inl">
      <Filter>inl</Filter>
    </None>
  </ItemGroup>
  <ItemGroup>
    <ClInclude Include="wiredtiger_config.h">
      <Filter>include</Filter>
    </ClInclude>
    <ClInclude Include="wiredtiger.h">
      <Filter>include</Filter>
    </ClInclude>
    <ClInclude Include="gcc.h">
      <Filter>include</Filter>
    </ClInclude>
    <ClInclude Include="verify_build.h">
      <Filter>include</Filter>
    </ClInclude>
    <ClInclude Include="hardware.h">
      <Filter>include</Filter>
    </ClInclude>
    <ClInclude Include="misc.h">
      <Filter>include</Filter>
    </ClInclude>
    <ClInclude Include="wt_internal.h">
      <Filter>include</Filter>
    </ClInclude>
    <ClInclude Include="wiredtiger_ext.h">
      <Filter>include</Filter>
    </ClInclude>
    <ClInclude Include="extern.h">
      <Filter>include</Filter>
    </ClInclude>
    <ClInclude Include="posix.h">
      <Filter>include</Filter>
    </ClInclude>
    <ClInclude Include="mutex.h">
      <Filter>include</Filter>
    </ClInclude>
    <ClInclude Include="error.h">
      <Filter>include</Filter>
    </ClInclude>
    <ClInclude Include="session.h">
      <Filter>include</Filter>
    </ClInclude>
    <ClInclude Include="flags.h">
      <Filter>include</Filter>
    </ClInclude>
    <ClInclude Include="stat.h">
      <Filter>include</Filter>
    </ClInclude>
    <ClInclude Include="queue.h">
      <Filter>include</Filter>
    </ClInclude>
    <ClInclude Include="connection.h">
      <Filter>include</Filter>
    </ClInclude>
  </ItemGroup>
  <ItemGroup>
    <ClCompile Include="test\base_test.c">
      <Filter>test</Filter>
    </ClCompile>
    <ClCompile Include="posix\os_mt_rw.c">
      <Filter>c\posix</Filter>
    </ClCompile>
    <ClCompile Include="support\cksum.c">
      <Filter>c\support</Filter>
    </ClCompile>
    <ClCompile Include="support\rand.c">
      <Filter>c\support</Filter>
    </ClCompile>
    <ClCompile Include="support\hash_fnv.c">
      <Filter>c\support</Filter>
    </ClCompile>
    <ClCompile Include="support\pow.c">
      <Filter>c\support</Filter>
    </ClCompile>
    <ClCompile Include="support\huffman.c">
      <Filter>c\support</Filter>
    </ClCompile>
    <ClCompile Include="support\hash_city.c">
      <Filter>c\support</Filter>
    </ClCompile>
    <ClCompile Include="support\hex.c">
      <Filter>c\support</Filter>
    </ClCompile>
    <ClCompile Include="stat.c">
      <Filter>c\support</Filter>
    </ClCompile>
    <ClCompile Include="posix\os_sleep.c">
      <Filter>c\posix</Filter>
    </ClCompile>
    <ClCompile Include="posix\os_errno.c">
      <Filter>c\posix</Filter>
    </ClCompile>
    <ClCompile Include="posix\os_alloc.c">
      <Filter>c\posix</Filter>
    </ClCompile>
  </ItemGroup>
</Project>