<?xml version="1.0" encoding="utf-8"?>
<Project ToolsVersion="4.0" xmlns="http://schemas.microsoft.com/developer/msbuild/2003">
  <ItemGroup>
    <Filter Include="include">
      <UniqueIdentifier>{93995380-89BD-4b04-88EB-625FBE52EBFB}</UniqueIdentifier>
      <Extensions>h;hpp;hxx;hm;inl;inc;xsd</Extensions>
    </Filter>
    <Filter Include="inl">
      <UniqueIdentifier>{67DA6AB6-F800-4c08-8B7A-83BB121AAD01}</UniqueIdentifier>
      <Extensions>rc;ico;cur;bmp;dlg;rc2;rct;bin;rgs;gif;jpg;jpeg;jpe;resx;tiff;tif;png;wav;mfcribbon-ms</Extensions>
    </Filter>
    <Filter Include="c">
      <UniqueIdentifier>{4FC737F1-C7A5-4376-A066-2A32D752A2FF}</UniqueIdentifier>
      <Extensions>cpp;c;cc;cxx;def;odl;idl;hpj;bat;asm;asmx</Extensions>
    </Filter>
    <Filter Include="test">
      <UniqueIdentifier>{fde1763d-a8f8-4ba1-936e-b426c115fea6}</UniqueIdentifier>
    </Filter>
    <Filter Include="c\posix">
      <UniqueIdentifier>{226ad2a8-c176-49a1-bc98-aeaa92462c83}</UniqueIdentifier>
    </Filter>
    <Filter Include="c\support">
      <UniqueIdentifier>{f48e9082-394b-4727-bec8-430350567145}</UniqueIdentifier>
    </Filter>
    <Filter Include="cmake">
      <UniqueIdentifier>{5ad3c355-1d5e-40b9-b969-109798413b6e}</UniqueIdentifier>
    </Filter>
    <Filter Include="cmake\base_test">
      <UniqueIdentifier>{1034317f-a317-47a3-87b6-6a49f41ee1f3}</UniqueIdentifier>
    </Filter>
    <Filter Include="cmake\wt">
      <UniqueIdentifier>{b4cc9aa2-66eb-4cde-abbe-38b43e040c5c}</UniqueIdentifier>
    </Filter>
    <Filter Include="c\cursor">
      <UniqueIdentifier>{7a9ee7ff-369b-4050-a2a5-7759d4813c64}</UniqueIdentifier>
    </Filter>
    <Filter Include="c\packing">
      <UniqueIdentifier>{7eb87fe4-6137-4a8f-9fdf-6b3fe2fa629d}</UniqueIdentifier>
    </Filter>
    <Filter Include="c\log">
      <UniqueIdentifier>{b554346b-6c52-4e96-820e-50f56c3b56a1}</UniqueIdentifier>
    </Filter>
    <Filter Include="c\config">
      <UniqueIdentifier>{8528b677-3008-4c60-9ae1-bb226035f2d1}</UniqueIdentifier>
    </Filter>
    <Filter Include="c\conn">
      <UniqueIdentifier>{6b428717-2c3a-41c8-b5c5-c330be14f93b}</UniqueIdentifier>
    </Filter>
    <Filter Include="c\bloom">
      <UniqueIdentifier>{18d883a9-3e52-4e42-8f30-eff91e25a615}</UniqueIdentifier>
    </Filter>
    <Filter Include="c\block">
      <UniqueIdentifier>{8c62f329-e3ec-4e4c-9ad4-e740d81f8c6b}</UniqueIdentifier>
    </Filter>
    <Filter Include="c\lsm">
      <UniqueIdentifier>{c38a542d-a0f2-4d3d-87ee-aa9b4395d281}</UniqueIdentifier>
    </Filter>
    <Filter Include="c\btree">
      <UniqueIdentifier>{f9c031b5-3992-4237-b305-41ad3239fc52}</UniqueIdentifier>
    </Filter>
    <Filter Include="c\evict">
      <UniqueIdentifier>{1a01a692-2bdf-4728-8a14-6c137c68dffe}</UniqueIdentifier>
    </Filter>
    <Filter Include="c\txn">
      <UniqueIdentifier>{b2ab08a6-edac-46d1-8564-183ccbecc3d4}</UniqueIdentifier>
    </Filter>
    <Filter Include="c\async">
      <UniqueIdentifier>{0ed2795f-e09e-42a1-b37c-dc06d6d4ff11}</UniqueIdentifier>
    </Filter>
    <Filter Include="c\reconcile">
      <UniqueIdentifier>{5ee75b76-cfab-438b-b921-44d5ffe5548b}</UniqueIdentifier>
    </Filter>
    <Filter Include="c\meta">
      <UniqueIdentifier>{f918aca5-5df7-428f-8e75-d86f8a607a00}</UniqueIdentifier>
    </Filter>
    <Filter Include="c\schema">
      <UniqueIdentifier>{cd7c6e5b-f982-4345-a563-15b543765979}</UniqueIdentifier>
    </Filter>
  </ItemGroup>
  <ItemGroup>
    <None Include="ReadMe.txt" />
    <None Include="cmake\CMakeLists.txt">
      <Filter>cmake</Filter>
    </None>
    <None Include="cmake\base_test\CMakeLists.txt">
      <Filter>cmake\base_test</Filter>
    </None>
    <None Include="cmake\wt\CMakeLists.txt">
      <Filter>cmake\wt</Filter>
    </None>
    <None Include="include\mutex.inl">
      <Filter>inl</Filter>
    </None>
    <None Include="include\misc.inl">
      <Filter>inl</Filter>
    </None>
    <None Include="include\buf.inl">
      <Filter>inl</Filter>
    </None>
    <None Include="include\packing.inl">
      <Filter>inl</Filter>
    </None>
    <None Include="include\intpack.inl">
      <Filter>inl</Filter>
    </None>
    <None Include="include\bitstring.inl">
      <Filter>inl</Filter>
    </None>
    <None Include="include\cursor.inl">
      <Filter>inl</Filter>
    </None>
    <None Include="include\btree.inl">
      <Filter>inl</Filter>
    </None>
    <None Include="include\btree_cmp.inl">
      <Filter>inl</Filter>
    </None>
    <None Include="include\cell.inl">
      <Filter>inl</Filter>
    </None>
    <None Include="include\column.inl">
      <Filter>inl</Filter>
    </None>
    <None Include="include\serial.inl">
      <Filter>inl</Filter>
    </None>
    <None Include="include\cache.inl">
      <Filter>inl</Filter>
    </None>
    <None Include="include\txn.inl">
      <Filter>inl</Filter>
    </None>
  </ItemGroup>
  <ItemGroup>
    <ClCompile Include="test\base_test.c">
      <Filter>test</Filter>
    </ClCompile>
    <ClCompile Include="posix\os_mt_rw.c">
      <Filter>c\posix</Filter>
    </ClCompile>
    <ClCompile Include="support\cksum.c">
      <Filter>c\support</Filter>
    </ClCompile>
    <ClCompile Include="support\rand.c">
      <Filter>c\support</Filter>
    </ClCompile>
    <ClCompile Include="support\hash_fnv.c">
      <Filter>c\support</Filter>
    </ClCompile>
    <ClCompile Include="support\pow.c">
      <Filter>c\support</Filter>
    </ClCompile>
    <ClCompile Include="support\huffman.c">
      <Filter>c\support</Filter>
    </ClCompile>
    <ClCompile Include="support\hash_city.c">
      <Filter>c\support</Filter>
    </ClCompile>
    <ClCompile Include="support\hex.c">
      <Filter>c\support</Filter>
    </ClCompile>
    <ClCompile Include="posix\os_sleep.c">
      <Filter>c\posix</Filter>
    </ClCompile>
    <ClCompile Include="posix\os_errno.c">
      <Filter>c\posix</Filter>
    </ClCompile>
    <ClCompile Include="posix\os_alloc.c">
      <Filter>c\posix</Filter>
    </ClCompile>
    <ClCompile Include="posix\os_stdio.c">
      <Filter>c\posix</Filter>
    </ClCompile>
    <ClCompile Include="posix\os_path.c">
      <Filter>c\posix</Filter>
    </ClCompile>
    <ClCompile Include="posix\os_exist.c">
      <Filter>c\posix</Filter>
    </ClCompile>
    <ClCompile Include="posix\os_remove.c">
      <Filter>c\posix</Filter>
    </ClCompile>
    <ClCompile Include="posix\os_rename.c">
      <Filter>c\posix</Filter>
    </ClCompile>
    <ClCompile Include="posix\os_filesize.c">
      <Filter>c\posix</Filter>
    </ClCompile>
    <ClCompile Include="posix\os_getenv.c">
      <Filter>c\posix</Filter>
    </ClCompile>
    <ClCompile Include="posix\os_abort.c">
      <Filter>c\posix</Filter>
    </ClCompile>
    <ClCompile Include="posix\os_yield.c">
      <Filter>c\posix</Filter>
    </ClCompile>
    <ClCompile Include="posix\os_time.c">
      <Filter>c\posix</Filter>
    </ClCompile>
    <ClCompile Include="posix\os_thread.c">
      <Filter>c\posix</Filter>
    </ClCompile>
    <ClCompile Include="posix\os_strtouq.c">
      <Filter>c\posix</Filter>
    </ClCompile>
    <ClCompile Include="posix\os_priv.c">
      <Filter>c\posix</Filter>
    </ClCompile>
    <ClCompile Include="posix\os_mtx_cond.c">
      <Filter>c\posix</Filter>
    </ClCompile>
    <ClCompile Include="posix\os_getline.c">
      <Filter>c\posix</Filter>
    </ClCompile>
    <ClCompile Include="posix\os_ftruncate.c">
      <Filter>c\posix</Filter>
    </ClCompile>
    <ClCompile Include="posix\os_fsync.c">
      <Filter>c\posix</Filter>
    </ClCompile>
    <ClCompile Include="posix\os_flock.c">
      <Filter>c\posix</Filter>
    </ClCompile>
    <ClCompile Include="posix\os_dlopen.c">
      <Filter>c\posix</Filter>
    </ClCompile>
    <ClCompile Include="posix\os_dir.c">
      <Filter>c\posix</Filter>
    </ClCompile>
    <ClCompile Include="support\err.c">
      <Filter>c\support</Filter>
    </ClCompile>
    <ClCompile Include="support\filename.c">
      <Filter>c\support</Filter>
    </ClCompile>
    <ClCompile Include="posix\os_open.c">
      <Filter>c\posix</Filter>
    </ClCompile>
    <ClCompile Include="support\scratch.c">
      <Filter>c\support</Filter>
    </ClCompile>
    <ClCompile Include="posix\os_map.c">
      <Filter>c\posix</Filter>
    </ClCompile>
    <ClCompile Include="posix\os_getopt.c">
      <Filter>c\posix</Filter>
    </ClCompile>
    <ClCompile Include="posix\os_fallocate.c">
      <Filter>c\posix</Filter>
    </ClCompile>
    <ClCompile Include="posix\os_rw.c">
      <Filter>c\posix</Filter>
    </ClCompile>
    <ClCompile Include="cursor\cur_json.c">
      <Filter>c\cursor</Filter>
    </ClCompile>
    <ClCompile Include="test\pack_test.c">
      <Filter>test</Filter>
    </ClCompile>
    <ClCompile Include="packing\pack_api.c">
      <Filter>c\packing</Filter>
    </ClCompile>
    <ClCompile Include="packing\pack_impl.c">
      <Filter>c\packing</Filter>
    </ClCompile>
    <ClCompile Include="packing\pack_stream.c">
      <Filter>c\packing</Filter>
    </ClCompile>
    <ClCompile Include="log\log_auto.c">
      <Filter>c\log</Filter>
    </ClCompile>
    <ClCompile Include="log\log_slot.c">
      <Filter>c\log</Filter>
    </ClCompile>
    <ClCompile Include="log\log.c">
      <Filter>c\log</Filter>
    </ClCompile>
    <ClCompile Include="config\config_def.c">
      <Filter>c\config</Filter>
    </ClCompile>
    <ClCompile Include="config\config_upgrade.c">
      <Filter>c\config</Filter>
    </ClCompile>
    <ClCompile Include="config\config_api.c">
      <Filter>c\config</Filter>
    </ClCompile>
    <ClCompile Include="config\config_concat.c">
      <Filter>c\config</Filter>
    </ClCompile>
    <ClCompile Include="config\config_ext.c">
      <Filter>c\config</Filter>
    </ClCompile>
    <ClCompile Include="config\config_collapse.c">
      <Filter>c\config</Filter>
    </ClCompile>
    <ClCompile Include="config\config_check.c">
      <Filter>c\config</Filter>
    </ClCompile>
    <ClCompile Include="config\config.c">
      <Filter>c\config</Filter>
    </ClCompile>
    <ClCompile Include="conn\conn_log.c">
      <Filter>c\conn</Filter>
    </ClCompile>
    <ClCompile Include="bloom\bloom.c">
      <Filter>c\bloom</Filter>
    </ClCompile>
    <ClCompile Include="conn\api_version.c">
      <Filter>c\conn</Filter>
    </ClCompile>
    <ClCompile Include="block\block_write.c">
      <Filter>c\block</Filter>
    </ClCompile>
    <ClCompile Include="block\block_addr.c">
      <Filter>c\block</Filter>
    </ClCompile>
    <ClCompile Include="block\block_mgr.c">
      <Filter>c\block</Filter>
    </ClCompile>
    <ClCompile Include="block\block_map.c">
      <Filter>c\block</Filter>
    </ClCompile>
    <ClCompile Include="block\block_session.c">
      <Filter>c\block</Filter>
    </ClCompile>
    <ClCompile Include="block\block_open.c">
      <Filter>c\block</Filter>
    </ClCompile>
    <ClCompile Include="block\block_read.c">
      <Filter>c\block</Filter>
    </ClCompile>
    <ClCompile Include="block\block_compact.c">
      <Filter>c\block</Filter>
    </ClCompile>
    <ClCompile Include="block\block_ext.c">
      <Filter>c\block</Filter>
    </ClCompile>
    <ClCompile Include="block\block_ckpt.c">
      <Filter>c\block</Filter>
    </ClCompile>
    <ClCompile Include="block\block_slvg.c">
      <Filter>c\block</Filter>
    </ClCompile>
    <ClCompile Include="block\block_vrfy.c">
      <Filter>c\block</Filter>
    </ClCompile>
    <ClCompile Include="cursor\cur_std.c">
      <Filter>c\cursor</Filter>
    </ClCompile>
    <ClCompile Include="cursor\cur_log.c">
      <Filter>c\cursor</Filter>
    </ClCompile>
    <ClCompile Include="cursor\cur_config.c">
      <Filter>c\cursor</Filter>
    </ClCompile>
    <ClCompile Include="cursor\cur_stat.c">
      <Filter>c\cursor</Filter>
    </ClCompile>
    <ClCompile Include="lsm\lsm_stat.c">
      <Filter>c\lsm</Filter>
    </ClCompile>
    <ClCompile Include="support\stat.c">
      <Filter>c\support</Filter>
    </ClCompile>
    <ClCompile Include="lsm\lsm_meta.c">
      <Filter>c\lsm</Filter>
    </ClCompile>
    <ClCompile Include="lsm\lsm_worker.c">
      <Filter>c\lsm</Filter>
    </ClCompile>
    <ClCompile Include="lsm\lsm_work_unit.c">
      <Filter>c\lsm</Filter>
    </ClCompile>
    <ClCompile Include="lsm\lsm_manager.c">
      <Filter>c\lsm</Filter>
    </ClCompile>
    <ClCompile Include="lsm\lsm_merge.c">
      <Filter>c\lsm</Filter>
    </ClCompile>
    <ClCompile Include="lsm\lsm_tree.c">
      <Filter>c\lsm</Filter>
    </ClCompile>
    <ClCompile Include="support\hazard.c">
      <Filter>c\support</Filter>
    </ClCompile>
    <ClCompile Include="btree\bt_io.c">
      <Filter>c\btree</Filter>
    </ClCompile>
    <ClCompile Include="btree\bt_page.c">
      <Filter>c\btree</Filter>
    </ClCompile>
    <ClCompile Include="btree\bt_handle.c">
      <Filter>c\btree</Filter>
    </ClCompile>
    <ClCompile Include="btree\bt_misc.c">
      <Filter>c\btree</Filter>
    </ClCompile>
    <ClCompile Include="btree\bt_debug.c">
      <Filter>c\btree</Filter>
    </ClCompile>
    <ClCompile Include="btree\bt_delete.c">
      <Filter>c\btree</Filter>
    </ClCompile>
    <ClCompile Include="btree\bt_discard.c">
      <Filter>c\btree</Filter>
    </ClCompile>
    <ClCompile Include="btree\bt_ret.c">
      <Filter>c\btree</Filter>
    </ClCompile>
    <ClCompile Include="btree\bt_read.c">
      <Filter>c\btree</Filter>
    </ClCompile>
    <ClCompile Include="btree\bt_stat.c">
      <Filter>c\btree</Filter>
    </ClCompile>
    <ClCompile Include="btree\bt_compact.c">
      <Filter>c\btree</Filter>
    </ClCompile>
    <ClCompile Include="btree\bt_upgrade.c">
      <Filter>c\btree</Filter>
    </ClCompile>
    <ClCompile Include="btree\bt_walk.c">
      <Filter>c\btree</Filter>
    </ClCompile>
    <ClCompile Include="btree\bt_cursor.c">
      <Filter>c\btree</Filter>
    </ClCompile>
    <ClCompile Include="btree\bt_curnext.c">
      <Filter>c\btree</Filter>
    </ClCompile>
    <ClCompile Include="btree\bt_curprev.c">
      <Filter>c\btree</Filter>
    </ClCompile>
    <ClCompile Include="btree\row_key.c">
      <Filter>c\btree</Filter>
    </ClCompile>
    <ClCompile Include="btree\row_modify.c">
      <Filter>c\btree</Filter>
    </ClCompile>
    <ClCompile Include="btree\row_srch.c">
      <Filter>c\btree</Filter>
    </ClCompile>
    <ClCompile Include="btree\col_modify.c">
      <Filter>c\btree</Filter>
    </ClCompile>
    <ClCompile Include="btree\col_srch.c">
      <Filter>c\btree</Filter>
    </ClCompile>
    <ClCompile Include="btree\bt_sync.c">
      <Filter>c\btree</Filter>
    </ClCompile>
    <ClCompile Include="btree\bt_ovfl.c">
      <Filter>c\btree</Filter>
    </ClCompile>
    <ClCompile Include="btree\bt_huffman.c">
      <Filter>c\btree</Filter>
    </ClCompile>
    <ClCompile Include="btree\bt_vrfy.c">
      <Filter>c\btree</Filter>
    </ClCompile>
    <ClCompile Include="btree\bt_vrf_dsk.c">
      <Filter>c\btree</Filter>
    </ClCompile>
    <ClCompile Include="btree\bt_split.c">
      <Filter>c\btree</Filter>
    </ClCompile>
    <ClCompile Include="btree\bt_slvg.c">
      <Filter>c\btree</Filter>
    </ClCompile>
    <ClCompile Include="evict\evict_lru.c">
      <Filter>c\evict</Filter>
    </ClCompile>
    <ClCompile Include="evict\evict_file.c">
      <Filter>c\evict</Filter>
    </ClCompile>
    <ClCompile Include="evict\evict_page.c">
      <Filter>c\evict</Filter>
    </ClCompile>
    <ClCompile Include="txn\txn_log.c">
      <Filter>c\txn</Filter>
    </ClCompile>
    <ClCompile Include="txn\txn_ext.c">
      <Filter>c\txn</Filter>
    </ClCompile>
    <ClCompile Include="txn\txn.c">
      <Filter>c\txn</Filter>
    </ClCompile>
    <ClCompile Include="txn\txn_ckpt.c">
      <Filter>c\txn</Filter>
    </ClCompile>
    <ClCompile Include="txn\txn_recover.c">
      <Filter>c\txn</Filter>
    </ClCompile>
    <ClCompile Include="cursor\cur_bulk.c">
      <Filter>c\cursor</Filter>
    </ClCompile>
    <ClCompile Include="cursor\cur_ds.c">
      <Filter>c\cursor</Filter>
    </ClCompile>
    <ClCompile Include="async\async_op.c">
      <Filter>c\async</Filter>
    </ClCompile>
    <ClCompile Include="async\async_workder.c">
      <Filter>c\async</Filter>
    </ClCompile>
    <ClCompile Include="async\async_api.c">
      <Filter>c\async</Filter>
    </ClCompile>
    <ClCompile Include="reconcile\rec_track.c">
      <Filter>c\reconcile</Filter>
    </ClCompile>
    <ClCompile Include="reconcile\rec_write.c">
      <Filter>c\reconcile</Filter>
    </ClCompile>
    <ClCompile Include="meta\meta_turtle.c">
      <Filter>c\meta</Filter>
    </ClCompile>
    <ClCompile Include="meta\meta_apply.c">
      <Filter>c\meta</Filter>
    </ClCompile>
    <ClCompile Include="meta\meta_table.c">
      <Filter>c\meta</Filter>
    </ClCompile>
    <ClCompile Include="meta\meta_ext.c">
      <Filter>c\meta</Filter>
    </ClCompile>
    <ClCompile Include="meta\meta_track.c">
      <Filter>c\meta</Filter>
    </ClCompile>
    <ClCompile Include="meta\meta_ckpt.c">
      <Filter>c\meta</Filter>
    </ClCompile>
    <ClCompile Include="schema\schema_create.c">
      <Filter>c\schema</Filter>
    </ClCompile>
    <ClCompile Include="schema\schema_list.c">
      <Filter>c\schema</Filter>
    </ClCompile>
    <ClCompile Include="schema\schema_util.c">
      <Filter>c\schema</Filter>
    </ClCompile>
    <ClCompile Include="schema\schema_drop.c">
      <Filter>c\schema</Filter>
    </ClCompile>
  </ItemGroup>
  <ItemGroup>
    <ClInclude Include="include\connection.h">
      <Filter>include</Filter>
    </ClInclude>
    <ClInclude Include="include\dhandle.h">
      <Filter>include</Filter>
    </ClInclude>
    <ClInclude Include="include\dlh.h">
      <Filter>include</Filter>
    </ClInclude>
    <ClInclude Include="include\error.h">
      <Filter>include</Filter>
    </ClInclude>
    <ClInclude Include="include\extern.h">
      <Filter>include</Filter>
    </ClInclude>
    <ClInclude Include="include\flags.h">
      <Filter>include</Filter>
    </ClInclude>
    <ClInclude Include="include\gcc.h">
      <Filter>include</Filter>
    </ClInclude>
    <ClInclude Include="include\hardware.h">
      <Filter>include</Filter>
    </ClInclude>
    <ClInclude Include="include\misc.h">
      <Filter>include</Filter>
    </ClInclude>
    <ClInclude Include="include\mutex.h">
      <Filter>include</Filter>
    </ClInclude>
    <ClInclude Include="include\os.h">
      <Filter>include</Filter>
    </ClInclude>
    <ClInclude Include="include\posix.h">
      <Filter>include</Filter>
    </ClInclude>
    <ClInclude Include="include\queue.h">
      <Filter>include</Filter>
    </ClInclude>
    <ClInclude Include="include\session.h">
      <Filter>include</Filter>
    </ClInclude>
    <ClInclude Include="include\stat.h">
      <Filter>include</Filter>
    </ClInclude>
    <ClInclude Include="include\verify_build.h">
      <Filter>include</Filter>
    </ClInclude>
    <ClInclude Include="include\wiredtiger.h">
      <Filter>include</Filter>
    </ClInclude>
    <ClInclude Include="include\wiredtiger_config.h">
      <Filter>include</Filter>
    </ClInclude>
    <ClInclude Include="include\wiredtiger_ext.h">
      <Filter>include</Filter>
    </ClInclude>
    <ClInclude Include="include\wt_internal.h">
      <Filter>include</Filter>
    </ClInclude>
    <ClInclude Include="include\log.h">
      <Filter>include</Filter>
    </ClInclude>
    <ClInclude Include="include\config.h">
      <Filter>include</Filter>
    </ClInclude>
    <ClInclude Include="include\cursor.h">
      <Filter>include</Filter>
    </ClInclude>
    <ClInclude Include="include\bloom.h">
      <Filter>include</Filter>
    </ClInclude>
    <ClInclude Include="include\block.h">
      <Filter>include</Filter>
    </ClInclude>
    <ClInclude Include="include\btmem.h">
      <Filter>include</Filter>
    </ClInclude>
    <ClInclude Include="include\meta.h">
      <Filter>include</Filter>
    </ClInclude>
    <ClInclude Include="include\async.h">
      <Filter>include</Filter>
    </ClInclude>
    <ClInclude Include="include\lsm.h">
      <Filter>include</Filter>
    </ClInclude>
    <ClInclude Include="include\compact.h">
      <Filter>include</Filter>
    </ClInclude>
    <ClInclude Include="include\btree.h">
      <Filter>include</Filter>
    </ClInclude>
    <ClInclude Include="include\cache.h">
      <Filter>include</Filter>
    </ClInclude>
    <ClInclude Include="include\txn.h">
      <Filter>include</Filter>
    </ClInclude>
    <ClInclude Include="include\api.h">
      <Filter>include</Filter>
    </ClInclude>
    <ClInclude Include="include\schema.h">
      <Filter>include</Filter>
    </ClInclude>
  </ItemGroup>
</Project>